
Microsoft Visual Studio Solution File, Format Version 12.00
Project("{FAE04EC0-301F-11D3-BF4B-00C04F79EFBC}") = "NGerasimov.Geometry", "NGerasimov.Geometry\NGerasimov.Geometry.csproj", "{294B65BA-62E5-424C-AAFF-1B30902E19A7}"
EndProject
Project("{FAE04EC0-301F-11D3-BF4B-00C04F79EFBC}") = "NGerasimov.Geometry.UnitTests", "NGerasimov.Geometry.UnitTests\NGerasimov.Geometry.UnitTests.csproj", "{37F46B84-2C18-44DA-9C35-A03D3C60A2C4}"
EndProject
Global
	GlobalSection(SolutionConfigurationPlatforms) = preSolution
		Debug|Any CPU = Debug|Any CPU
		Release|Any CPU = Release|Any CPU
	EndGlobalSection
	GlobalSection(ProjectConfigurationPlatforms) = postSolution
		{294B65BA-62E5-424C-AAFF-1B30902E19A7}.Debug|Any CPU.ActiveCfg = Debug|Any CPU
		{294B65BA-62E5-424C-AAFF-1B30902E19A7}.Debug|Any CPU.Build.0 = Debug|Any CPU
		{294B65BA-62E5-424C-AAFF-1B30902E19A7}.Release|Any CPU.ActiveCfg = Release|Any CPU
		{294B65BA-62E5-424C-AAFF-1B30902E19A7}.Release|Any CPU.Build.0 = Release|Any CPU
		{37F46B84-2C18-44DA-9C35-A03D3C60A2C4}.Debug|Any CPU.ActiveCfg = Debug|Any CPU
		{37F46B84-2C18-44DA-9C35-A03D3C60A2C4}.Debug|Any CPU.Build.0 = Debug|Any CPU
		{37F46B84-2C18-44DA-9C35-A03D3C60A2C4}.Release|Any CPU.ActiveCfg = Release|Any CPU
		{37F46B84-2C18-44DA-9C35-A03D3C60A2C4}.Release|Any CPU.Build.0 = Release|Any CPU
	EndGlobalSection
EndGlobal
